
Microsoft Visual Studio Solution File, Format Version 12.00
Project("{FAE04EC0-301F-11D3-BF4B-00C04F79EFBC}") = "UserIdentityAccess.API", "UserIdentityAccess.API\UserIdentityAccess.API.csproj", "{3DFD249B-0571-43D8-8F72-090BF81F63DD}"
EndProject
Project("{FAE04EC0-301F-11D3-BF4B-00C04F79EFBC}") = "UserIdentityAccess.Application", "UserIdentityAccess.Application\UserIdentityAccess.Application.csproj", "{3E272C7E-0495-44EB-A021-D6300776D360}"
EndProject
Project("{FAE04EC0-301F-11D3-BF4B-00C04F79EFBC}") = "UserIdentityAccess.Domain", "UserIdentityAccess.Domain\UserIdentityAccess.Domain.csproj", "{560E5B75-7710-4EB6-8A29-2BF36A576DD6}"
EndProject
Project("{FAE04EC0-301F-11D3-BF4B-00C04F79EFBC}") = "UserIdentityAccess.Infrastructure", "UserIdentityAccess.Infrastructure\UserIdentityAccess.Infrastructure.csproj", "{35A393CF-3ABD-43C6-88AA-1CF4F2F5B876}"
EndProject
Project("{FAE04EC0-301F-11D3-BF4B-00C04F79EFBC}") = "UserIdentityAccess.Tests", "UserIdentityAccess.Tests\UserIdentityAccess.Tests.csproj", "{C9B279B7-1B32-4070-9957-3D4FC4E57FF7}"
EndProject
Global
	GlobalSection(SolutionConfigurationPlatforms) = preSolution
		Debug|Any CPU = Debug|Any CPU
		Release|Any CPU = Release|Any CPU
	EndGlobalSection
	GlobalSection(ProjectConfigurationPlatforms) = postSolution
		{3DFD249B-0571-43D8-8F72-090BF81F63DD}.Debug|Any CPU.ActiveCfg = Debug|Any CPU
		{3DFD249B-0571-43D8-8F72-090BF81F63DD}.Debug|Any CPU.Build.0 = Debug|Any CPU
		{3DFD249B-0571-43D8-8F72-090BF81F63DD}.Release|Any CPU.ActiveCfg = Release|Any CPU
		{3DFD249B-0571-43D8-8F72-090BF81F63DD}.Release|Any CPU.Build.0 = Release|Any CPU
		{3E272C7E-0495-44EB-A021-D6300776D360}.Debug|Any CPU.ActiveCfg = Debug|Any CPU
		{3E272C7E-0495-44EB-A021-D6300776D360}.Debug|Any CPU.Build.0 = Debug|Any CPU
		{3E272C7E-0495-44EB-A021-D6300776D360}.Release|Any CPU.ActiveCfg = Release|Any CPU
		{3E272C7E-0495-44EB-A021-D6300776D360}.Release|Any CPU.Build.0 = Release|Any CPU
		{560E5B75-7710-4EB6-8A29-2BF36A576DD6}.Debug|Any CPU.ActiveCfg = Debug|Any CPU
		{560E5B75-7710-4EB6-8A29-2BF36A576DD6}.Debug|Any CPU.Build.0 = Debug|Any CPU
		{560E5B75-7710-4EB6-8A29-2BF36A576DD6}.Release|Any CPU.ActiveCfg = Release|Any CPU
		{560E5B75-7710-4EB6-8A29-2BF36A576DD6}.Release|Any CPU.Build.0 = Release|Any CPU
		{35A393CF-3ABD-43C6-88AA-1CF4F2F5B876}.Debug|Any CPU.ActiveCfg = Debug|Any CPU
		{35A393CF-3ABD-43C6-88AA-1CF4F2F5B876}.Debug|Any CPU.Build.0 = Debug|Any CPU
		{35A393CF-3ABD-43C6-88AA-1CF4F2F5B876}.Release|Any CPU.ActiveCfg = Release|Any CPU
		{35A393CF-3ABD-43C6-88AA-1CF4F2F5B876}.Release|Any CPU.Build.0 = Release|Any CPU
		{C9B279B7-1B32-4070-9957-3D4FC4E57FF7}.Debug|Any CPU.ActiveCfg = Debug|Any CPU
		{C9B279B7-1B32-4070-9957-3D4FC4E57FF7}.Debug|Any CPU.Build.0 = Debug|Any CPU
		{C9B279B7-1B32-4070-9957-3D4FC4E57FF7}.Release|Any CPU.ActiveCfg = Release|Any CPU
		{C9B279B7-1B32-4070-9957-3D4FC4E57FF7}.Release|Any CPU.Build.0 = Release|Any CPU
	EndGlobalSection
EndGlobal
